// !$*UTF8*$!
{
	archiveVersion = 1;
	classes = {
	};
	objectVersion = 46;
	objects = {

/* Begin PBXBuildFile section */
		7A019E611D0A0E6F00852D21 /* Master2ViewController.swift in Sources */ = {isa = PBXBuildFile; fileRef = 7A019E601D0A0E6F00852D21 /* Master2ViewController.swift */; };
		7A019E651D0B5DB200852D21 /* FA_UISplitViewController.podspec in Resources */ = {isa = PBXBuildFile; fileRef = 7A019E621D0B5DB200852D21 /* FA_UISplitViewController.podspec */; };
		7A019E661D0B5DB200852D21 /* LICENSE in Resources */ = {isa = PBXBuildFile; fileRef = 7A019E631D0B5DB200852D21 /* LICENSE */; };
		7A019E671D0B5DB200852D21 /* README.md in Sources */ = {isa = PBXBuildFile; fileRef = 7A019E641D0B5DB200852D21 /* README.md */; };
		7AB1AC871D0B7422001FFB31 /* LaunchScreen.storyboard in Resources */ = {isa = PBXBuildFile; fileRef = 7AB1AC831D0B7422001FFB31 /* LaunchScreen.storyboard */; };
		7AB1AC881D0B7422001FFB31 /* Main.storyboard in Resources */ = {isa = PBXBuildFile; fileRef = 7AB1AC851D0B7422001FFB31 /* Main.storyboard */; };
		7AB1AC8A1D0B750E001FFB31 /* FA_leftMenuImplementation.swift in Sources */ = {isa = PBXBuildFile; fileRef = 7AB1AC891D0B750E001FFB31 /* FA_leftMenuImplementation.swift */; };
		7AB38F901CEBC59E007C73F1 /* AppDelegate.swift in Sources */ = {isa = PBXBuildFile; fileRef = 7AB38F8F1CEBC59E007C73F1 /* AppDelegate.swift */; };
		7AB38F921CEBC59E007C73F1 /* MasterViewController.swift in Sources */ = {isa = PBXBuildFile; fileRef = 7AB38F911CEBC59E007C73F1 /* MasterViewController.swift */; };
		7AB38F941CEBC59E007C73F1 /* DetailViewController.swift in Sources */ = {isa = PBXBuildFile; fileRef = 7AB38F931CEBC59E007C73F1 /* DetailViewController.swift */; };
		7AB38F991CEBC59E007C73F1 /* Assets.xcassets in Resources */ = {isa = PBXBuildFile; fileRef = 7AB38F981CEBC59E007C73F1 /* Assets.xcassets */; };
		7AB38FA41CEBE173007C73F1 /* MillefeuilleviewController.swift in Sources */ = {isa = PBXBuildFile; fileRef = 7AB38FA31CEBE173007C73F1 /* MillefeuilleviewController.swift */; };
		7AB38FA61CEBE279007C73F1 /* MillefeuilleMenuViewController.swift in Sources */ = {isa = PBXBuildFile; fileRef = 7AB38FA51CEBE279007C73F1 /* MillefeuilleMenuViewController.swift */; };
		7AB38FC81CEFBE70007C73F1 /* IMG_2121.JPG in Resources */ = {isa = PBXBuildFile; fileRef = 7AB38FC71CEFBE70007C73F1 /* IMG_2121.JPG */; };
/* End PBXBuildFile section */

/* Begin PBXFileReference section */
		7A019E601D0A0E6F00852D21 /* Master2ViewController.swift */ = {isa = PBXFileReference; fileEncoding = 4; lastKnownFileType = sourcecode.swift; path = Master2ViewController.swift; sourceTree = "<group>"; };
		7A019E621D0B5DB200852D21 /* FA_UISplitViewController.podspec */ = {isa = PBXFileReference; fileEncoding = 4; lastKnownFileType = text; name = FA_UISplitViewController.podspec; path = ../FA_UISplitViewController.podspec; sourceTree = "<group>"; };
		7A019E631D0B5DB200852D21 /* LICENSE */ = {isa = PBXFileReference; fileEncoding = 4; lastKnownFileType = text; name = LICENSE; path = ../LICENSE; sourceTree = "<group>"; };
		7A019E641D0B5DB200852D21 /* README.md */ = {isa = PBXFileReference; fileEncoding = 4; lastKnownFileType = net.daringfireball.markdown; name = README.md; path = ../README.md; sourceTree = "<group>"; };
		7AB1AC841D0B7422001FFB31 /* Base */ = {isa = PBXFileReference; lastKnownFileType = file.storyboard; name = Base; path = Base.lproj/LaunchScreen.storyboard; sourceTree = "<group>"; };
		7AB1AC861D0B7422001FFB31 /* Base */ = {isa = PBXFileReference; lastKnownFileType = file.storyboard; name = Base; path = Base.lproj/Main.storyboard; sourceTree = "<group>"; };
		7AB1AC891D0B750E001FFB31 /* FA_leftMenuImplementation.swift */ = {isa = PBXFileReference; fileEncoding = 4; lastKnownFileType = sourcecode.swift; path = FA_leftMenuImplementation.swift; sourceTree = "<group>"; };
		7AB38F8C1CEBC59E007C73F1 /* FA_UISplitViewController.app */ = {isa = PBXFileReference; explicitFileType = wrapper.application; includeInIndex = 0; path = FA_UISplitViewController.app; sourceTree = BUILT_PRODUCTS_DIR; };
		7AB38F8F1CEBC59E007C73F1 /* AppDelegate.swift */ = {isa = PBXFileReference; lastKnownFileType = sourcecode.swift; path = AppDelegate.swift; sourceTree = "<group>"; };
		7AB38F911CEBC59E007C73F1 /* MasterViewController.swift */ = {isa = PBXFileReference; lastKnownFileType = sourcecode.swift; path = MasterViewController.swift; sourceTree = "<group>"; };
		7AB38F931CEBC59E007C73F1 /* DetailViewController.swift */ = {isa = PBXFileReference; lastKnownFileType = sourcecode.swift; path = DetailViewController.swift; sourceTree = "<group>"; };
		7AB38F981CEBC59E007C73F1 /* Assets.xcassets */ = {isa = PBXFileReference; lastKnownFileType = folder.assetcatalog; path = Assets.xcassets; sourceTree = "<group>"; };
		7AB38F9D1CEBC59E007C73F1 /* Info.plist */ = {isa = PBXFileReference; lastKnownFileType = text.plist.xml; path = Info.plist; sourceTree = "<group>"; };
		7AB38FA31CEBE173007C73F1 /* MillefeuilleviewController.swift */ = {isa = PBXFileReference; fileEncoding = 4; lastKnownFileType = sourcecode.swift; name = MillefeuilleviewController.swift; path = ../Pod/MillefeuilleviewController.swift; sourceTree = "<group>"; };
		7AB38FA51CEBE279007C73F1 /* MillefeuilleMenuViewController.swift */ = {isa = PBXFileReference; fileEncoding = 4; lastKnownFileType = sourcecode.swift; name = MillefeuilleMenuViewController.swift; path = ../Pod/MillefeuilleMenuViewController.swift; sourceTree = "<group>"; };
		7AB38FC71CEFBE70007C73F1 /* IMG_2121.JPG */ = {isa = PBXFileReference; lastKnownFileType = image.jpeg; path = IMG_2121.JPG; sourceTree = "<group>"; };
/* End PBXFileReference section */

/* Begin PBXFrameworksBuildPhase section */
		7AB38F891CEBC59E007C73F1 /* Frameworks */ = {
			isa = PBXFrameworksBuildPhase;
			buildActionMask = 2147483647;
			files = (
			);
			runOnlyForDeploymentPostprocessing = 0;
		};
/* End PBXFrameworksBuildPhase section */

/* Begin PBXGroup section */
		7A019E681D0B5F2000852D21 /* Pod */ = {
			isa = PBXGroup;
			children = (
				7AB38FA51CEBE279007C73F1 /* MillefeuilleMenuViewController.swift */,
				7AB38FA31CEBE173007C73F1 /* MillefeuilleviewController.swift */,
			);
			name = Pod;
			sourceTree = "<group>";
		};
		7A019E691D0B5F2600852D21 /* Example */ = {
			isa = PBXGroup;
			children = (
				7AB1AC831D0B7422001FFB31 /* LaunchScreen.storyboard */,
				7AB1AC851D0B7422001FFB31 /* Main.storyboard */,
				7AB38FC71CEFBE70007C73F1 /* IMG_2121.JPG */,
				7AB38F8F1CEBC59E007C73F1 /* AppDelegate.swift */,
				7AB38F911CEBC59E007C73F1 /* MasterViewController.swift */,
				7AB38F931CEBC59E007C73F1 /* DetailViewController.swift */,
				7AB38F981CEBC59E007C73F1 /* Assets.xcassets */,
				7AB38F9D1CEBC59E007C73F1 /* Info.plist */,
				7AB1AC891D0B750E001FFB31 /* FA_leftMenuImplementation.swift */,
				7A019E601D0A0E6F00852D21 /* Master2ViewController.swift */,
			);
			name = Example;
			sourceTree = "<group>";
		};
		7AB38F831CEBC59E007C73F1 = {
			isa = PBXGroup;
			children = (
				7A019E691D0B5F2600852D21 /* Example */,
				7A019E681D0B5F2000852D21 /* Pod */,
				7A019E621D0B5DB200852D21 /* FA_UISplitViewController.podspec */,
				7A019E631D0B5DB200852D21 /* LICENSE */,
				7A019E641D0B5DB200852D21 /* README.md */,
				7AB38F8E1CEBC59E007C73F1 /* FA_UISplitViewController */,
				7AB38F8D1CEBC59E007C73F1 /* Products */,
			);
			sourceTree = "<group>";
		};
		7AB38F8D1CEBC59E007C73F1 /* Products */ = {
			isa = PBXGroup;
			children = (
				7AB38F8C1CEBC59E007C73F1 /* FA_UISplitViewController.app */,
			);
			name = Products;
			sourceTree = "<group>";
		};
		7AB38F8E1CEBC59E007C73F1 /* FA_UISplitViewController */ = {
			isa = PBXGroup;
			children = (
			);
			path = FA_UISplitViewController;
			sourceTree = "<group>";
		};
/* End PBXGroup section */

/* Begin PBXNativeTarget section */
		7AB38F8B1CEBC59E007C73F1 /* FA_UISplitViewController */ = {
			isa = PBXNativeTarget;
			buildConfigurationList = 7AB38FA01CEBC59E007C73F1 /* Build configuration list for PBXNativeTarget "FA_UISplitViewController" */;
			buildPhases = (
				7AB38F881CEBC59E007C73F1 /* Sources */,
				7AB38F891CEBC59E007C73F1 /* Frameworks */,
				7AB38F8A1CEBC59E007C73F1 /* Resources */,
			);
			buildRules = (
			);
			dependencies = (
			);
			name = FA_UISplitViewController;
			productName = test;
			productReference = 7AB38F8C1CEBC59E007C73F1 /* FA_UISplitViewController.app */;
			productType = "com.apple.product-type.application";
		};
/* End PBXNativeTarget section */

/* Begin PBXProject section */
		7AB38F841CEBC59E007C73F1 /* Project object */ = {
			isa = PBXProject;
			attributes = {
				LastSwiftUpdateCheck = 0730;
				LastUpgradeCheck = 0920;
				ORGANIZATIONNAME = "Pierre Laurac";
				TargetAttributes = {
					7AB38F8B1CEBC59E007C73F1 = {
						CreatedOnToolsVersion = 7.3;
						DevelopmentTeam = X549L7572J;
						LastSwiftMigration = 0920;
					};
				};
			};
			buildConfigurationList = 7AB38F871CEBC59E007C73F1 /* Build configuration list for PBXProject "FA_UISplitViewController" */;
			compatibilityVersion = "Xcode 3.2";
			developmentRegion = English;
			hasScannedForEncodings = 0;
			knownRegions = (
				en,
				Base,
			);
			mainGroup = 7AB38F831CEBC59E007C73F1;
			productRefGroup = 7AB38F8D1CEBC59E007C73F1 /* Products */;
			projectDirPath = "";
			projectRoot = "";
			targets = (
				7AB38F8B1CEBC59E007C73F1 /* FA_UISplitViewController */,
			);
		};
/* End PBXProject section */

/* Begin PBXResourcesBuildPhase section */
		7AB38F8A1CEBC59E007C73F1 /* Resources */ = {
			isa = PBXResourcesBuildPhase;
			buildActionMask = 2147483647;
			files = (
				7AB1AC881D0B7422001FFB31 /* Main.storyboard in Resources */,
				7A019E651D0B5DB200852D21 /* FA_UISplitViewController.podspec in Resources */,
				7A019E661D0B5DB200852D21 /* LICENSE in Resources */,
				7AB1AC871D0B7422001FFB31 /* LaunchScreen.storyboard in Resources */,
				7AB38FC81CEFBE70007C73F1 /* IMG_2121.JPG in Resources */,
				7AB38F991CEBC59E007C73F1 /* Assets.xcassets in Resources */,
			);
			runOnlyForDeploymentPostprocessing = 0;
		};
/* End PBXResourcesBuildPhase section */

/* Begin PBXSourcesBuildPhase section */
		7AB38F881CEBC59E007C73F1 /* Sources */ = {
			isa = PBXSourcesBuildPhase;
			buildActionMask = 2147483647;
			files = (
				7AB1AC8A1D0B750E001FFB31 /* FA_leftMenuImplementation.swift in Sources */,
				7AB38F941CEBC59E007C73F1 /* DetailViewController.swift in Sources */,
				7AB38F921CEBC59E007C73F1 /* MasterViewController.swift in Sources */,
				7AB38FA41CEBE173007C73F1 /* MillefeuilleviewController.swift in Sources */,
				7AB38FA61CEBE279007C73F1 /* MillefeuilleMenuViewController.swift in Sources */,
				7A019E611D0A0E6F00852D21 /* Master2ViewController.swift in Sources */,
				7A019E671D0B5DB200852D21 /* README.md in Sources */,
				7AB38F901CEBC59E007C73F1 /* AppDelegate.swift in Sources */,
			);
			runOnlyForDeploymentPostprocessing = 0;
		};
/* End PBXSourcesBuildPhase section */

/* Begin PBXVariantGroup section */
		7AB1AC831D0B7422001FFB31 /* LaunchScreen.storyboard */ = {
			isa = PBXVariantGroup;
			children = (
				7AB1AC841D0B7422001FFB31 /* Base */,
			);
			name = LaunchScreen.storyboard;
			sourceTree = "<group>";
		};
		7AB1AC851D0B7422001FFB31 /* Main.storyboard */ = {
			isa = PBXVariantGroup;
			children = (
				7AB1AC861D0B7422001FFB31 /* Base */,
			);
			name = Main.storyboard;
			sourceTree = "<group>";
		};
/* End PBXVariantGroup section */

/* Begin XCBuildConfiguration section */
		7AB38F9E1CEBC59E007C73F1 /* Debug */ = {
			isa = XCBuildConfiguration;
			buildSettings = {
				ALWAYS_SEARCH_USER_PATHS = NO;
				CLANG_ANALYZER_NONNULL = YES;
				CLANG_CXX_LANGUAGE_STANDARD = "gnu++0x";
				CLANG_CXX_LIBRARY = "libc++";
				CLANG_ENABLE_MODULES = YES;
				CLANG_ENABLE_OBJC_ARC = YES;
				CLANG_WARN_BLOCK_CAPTURE_AUTORELEASING = YES;
				CLANG_WARN_BOOL_CONVERSION = YES;
				CLANG_WARN_COMMA = YES;
				CLANG_WARN_CONSTANT_CONVERSION = YES;
				CLANG_WARN_DIRECT_OBJC_ISA_USAGE = YES_ERROR;
				CLANG_WARN_EMPTY_BODY = YES;
				CLANG_WARN_ENUM_CONVERSION = YES;
				CLANG_WARN_INFINITE_RECURSION = YES;
				CLANG_WARN_INT_CONVERSION = YES;
				CLANG_WARN_NON_LITERAL_NULL_CONVERSION = YES;
				CLANG_WARN_OBJC_LITERAL_CONVERSION = YES;
				CLANG_WARN_OBJC_ROOT_CLASS = YES_ERROR;
				CLANG_WARN_RANGE_LOOP_ANALYSIS = YES;
				CLANG_WARN_STRICT_PROTOTYPES = YES;
				CLANG_WARN_SUSPICIOUS_MOVE = YES;
				CLANG_WARN_UNREACHABLE_CODE = YES;
				CLANG_WARN__DUPLICATE_METHOD_MATCH = YES;
				"CODE_SIGN_IDENTITY[sdk=iphoneos*]" = "iPhone Developer";
				COPY_PHASE_STRIP = NO;
				DEBUG_INFORMATION_FORMAT = dwarf;
				ENABLE_STRICT_OBJC_MSGSEND = YES;
				ENABLE_TESTABILITY = YES;
				GCC_C_LANGUAGE_STANDARD = gnu99;
				GCC_DYNAMIC_NO_PIC = NO;
				GCC_NO_COMMON_BLOCKS = YES;
				GCC_OPTIMIZATION_LEVEL = 0;
				GCC_PREPROCESSOR_DEFINITIONS = (
					"DEBUG=1",
					"$(inherited)",
				);
				GCC_WARN_64_TO_32_BIT_CONVERSION = YES;
				GCC_WARN_ABOUT_RETURN_TYPE = YES_ERROR;
				GCC_WARN_UNDECLARED_SELECTOR = YES;
				GCC_WARN_UNINITIALIZED_AUTOS = YES_AGGRESSIVE;
				GCC_WARN_UNUSED_FUNCTION = YES;
				GCC_WARN_UNUSED_VARIABLE = YES;
				IPHONEOS_DEPLOYMENT_TARGET = 9.3;
				MTL_ENABLE_DEBUG_INFO = YES;
				ONLY_ACTIVE_ARCH = YES;
				SDKROOT = iphoneos;
				SWIFT_OPTIMIZATION_LEVEL = "-Onone";
				TARGETED_DEVICE_FAMILY = "1,2";
			};
			name = Debug;
		};
		7AB38F9F1CEBC59E007C73F1 /* Release */ = {
			isa = XCBuildConfiguration;
			buildSettings = {
				ALWAYS_SEARCH_USER_PATHS = NO;
				CLANG_ANALYZER_NONNULL = YES;
				CLANG_CXX_LANGUAGE_STANDARD = "gnu++0x";
				CLANG_CXX_LIBRARY = "libc++";
				CLANG_ENABLE_MODULES = YES;
				CLANG_ENABLE_OBJC_ARC = YES;
				CLANG_WARN_BLOCK_CAPTURE_AUTORELEASING = YES;
				CLANG_WARN_BOOL_CONVERSION = YES;
				CLANG_WARN_COMMA = YES;
				CLANG_WARN_CONSTANT_CONVERSION = YES;
				CLANG_WARN_DIRECT_OBJC_ISA_USAGE = YES_ERROR;
				CLANG_WARN_EMPTY_BODY = YES;
				CLANG_WARN_ENUM_CONVERSION = YES;
				CLANG_WARN_INFINITE_RECURSION = YES;
				CLANG_WARN_INT_CONVERSION = YES;
				CLANG_WARN_NON_LITERAL_NULL_CONVERSION = YES;
				CLANG_WARN_OBJC_LITERAL_CONVERSION = YES;
				CLANG_WARN_OBJC_ROOT_CLASS = YES_ERROR;
				CLANG_WARN_RANGE_LOOP_ANALYSIS = YES;
				CLANG_WARN_STRICT_PROTOTYPES = YES;
				CLANG_WARN_SUSPICIOUS_MOVE = YES;
				CLANG_WARN_UNREACHABLE_CODE = YES;
				CLANG_WARN__DUPLICATE_METHOD_MATCH = YES;
				"CODE_SIGN_IDENTITY[sdk=iphoneos*]" = "iPhone Developer";
				COPY_PHASE_STRIP = NO;
				DEBUG_INFORMATION_FORMAT = "dwarf-with-dsym";
				ENABLE_NS_ASSERTIONS = NO;
				ENABLE_STRICT_OBJC_MSGSEND = YES;
				GCC_C_LANGUAGE_STANDARD = gnu99;
				GCC_NO_COMMON_BLOCKS = YES;
				GCC_WARN_64_TO_32_BIT_CONVERSION = YES;
				GCC_WARN_ABOUT_RETURN_TYPE = YES_ERROR;
				GCC_WARN_UNDECLARED_SELECTOR = YES;
				GCC_WARN_UNINITIALIZED_AUTOS = YES_AGGRESSIVE;
				GCC_WARN_UNUSED_FUNCTION = YES;
				GCC_WARN_UNUSED_VARIABLE = YES;
				IPHONEOS_DEPLOYMENT_TARGET = 9.3;
				MTL_ENABLE_DEBUG_INFO = NO;
				SDKROOT = iphoneos;
				SWIFT_OPTIMIZATION_LEVEL = "-Owholemodule";
				TARGETED_DEVICE_FAMILY = "1,2";
				VALIDATE_PRODUCT = YES;
			};
			name = Release;
		};
		7AB38FA11CEBC59E007C73F1 /* Debug */ = {
			isa = XCBuildConfiguration;
			buildSettings = {
				ASSETCATALOG_COMPILER_APPICON_NAME = AppIcon;
				CODE_SIGN_IDENTITY = "iPhone Developer";
				"CODE_SIGN_IDENTITY[sdk=iphoneos*]" = "iPhone Developer";
				INFOPLIST_FILE = Info.plist;
				IPHONEOS_DEPLOYMENT_TARGET = 9.0;
				LD_RUNPATH_SEARCH_PATHS = "$(inherited) @executable_path/Frameworks";
				PRODUCT_BUNDLE_IDENTIFIER = FA.UISplitViewController;
				PRODUCT_NAME = FA_UISplitViewController;
				PROVISIONING_PROFILE = "";
				SWIFT_SWIFT3_OBJC_INFERENCE = On;
				SWIFT_VERSION = 4.0;
			};
			name = Debug;
		};
		7AB38FA21CEBC59E007C73F1 /* Release */ = {
			isa = XCBuildConfiguration;
			buildSettings = {
				ASSETCATALOG_COMPILER_APPICON_NAME = AppIcon;
				CODE_SIGN_IDENTITY = "iPhone Developer";
				"CODE_SIGN_IDENTITY[sdk=iphoneos*]" = "iPhone Developer";
				INFOPLIST_FILE = Info.plist;
				IPHONEOS_DEPLOYMENT_TARGET = 9.0;
				LD_RUNPATH_SEARCH_PATHS = "$(inherited) @executable_path/Frameworks";
				PRODUCT_BUNDLE_IDENTIFIER = FA.UISplitViewController;
				PRODUCT_NAME = FA_UISplitViewController;
				PROVISIONING_PROFILE = "";
				SWIFT_SWIFT3_OBJC_INFERENCE = On;
				SWIFT_VERSION = 4.0;
			};
			name = Release;
		};
/* End XCBuildConfiguration section */

/* Begin XCConfigurationList section */
		7AB38F871CEBC59E007C73F1 /* Build configuration list for PBXProject "FA_UISplitViewController" */ = {
			isa = XCConfigurationList;
			buildConfigurations = (
				7AB38F9E1CEBC59E007C73F1 /* Debug */,
				7AB38F9F1CEBC59E007C73F1 /* Release */,
			);
			defaultConfigurationIsVisible = 0;
			defaultConfigurationName = Release;
		};
		7AB38FA01CEBC59E007C73F1 /* Build configuration list for PBXNativeTarget "FA_UISplitViewController" */ = {
			isa = XCConfigurationList;
			buildConfigurations = (
				7AB38FA11CEBC59E007C73F1 /* Debug */,
				7AB38FA21CEBC59E007C73F1 /* Release */,
			);
			defaultConfigurationIsVisible = 0;
			defaultConfigurationName = Release;
		};
/* End XCConfigurationList section */
	};
	rootObject = 7AB38F841CEBC59E007C73F1 /* Project object */;
}
